Microsoft Visual Studio Solution File, Format Version 12.00
# Visual Studio Version 17
VisualStudioVersion = 17.5.2.0
MinimumVisualStudioVersion = 10.0.40219.1
Project("{FAE04EC0-301F-11D3-BF4B-00C04F79EFBC}") = "ApiGateway", "gateway\ApiGateway.csproj", "{DED9E068-6BFA-DBE8-AD26-1AA467FFE1D9}"
EndProject
Project("{2150E333-8FDC-42A3-9474-1A3956D46DE8}") = "microservices", "microservices", "{8A367DDA-5161-A942-4F09-60E4726C9306}"
EndProject
Project("{FAE04EC0-301F-11D3-BF4B-00C04F79EFBC}") = "ProductService", "microservices\product-service\ProductService.csproj", "{8110E319-320C-D700-6937-FAB83AF52A93}"
EndProject
Project("{FAE04EC0-301F-11D3-BF4B-00C04F79EFBC}") = "OrderService", "microservices\order-service\OrderService.csproj", "{9F075FA3-464D-AFB7-5750-23ED973E9AEE}"
EndProject
Project("{FAE04EC0-301F-11D3-BF4B-00C04F79EFBC}") = "InventoryService", "microservices\inventory-service\InventoryService.csproj", "{3170134F-E18A-08D4-7A0B-140A2A3F9649}"
EndProject
Global
	GlobalSection(SolutionConfigurationPlatforms) = preSolution
		Debug|Any CPU = Debug|Any CPU
		Release|Any CPU = Release|Any CPU
	EndGlobalSection
	GlobalSection(ProjectConfigurationPlatforms) = postSolution
		{DED9E068-6BFA-DBE8-AD26-1AA467FFE1D9}.Debug|Any CPU.ActiveCfg = Debug|Any CPU
		{DED9E068-6BFA-DBE8-AD26-1AA467FFE1D9}.Debug|Any CPU.Build.0 = Debug|Any CPU
		{DED9E068-6BFA-DBE8-AD26-1AA467FFE1D9}.Release|Any CPU.ActiveCfg = Release|Any CPU
		{DED9E068-6BFA-DBE8-AD26-1AA467FFE1D9}.Release|Any CPU.Build.0 = Release|Any CPU
		{8110E319-320C-D700-6937-FAB83AF52A93}.Debug|Any CPU.ActiveCfg = Debug|Any CPU
		{8110E319-320C-D700-6937-FAB83AF52A93}.Debug|Any CPU.Build.0 = Debug|Any CPU
		{8110E319-320C-D700-6937-FAB83AF52A93}.Release|Any CPU.ActiveCfg = Release|Any CPU
		{8110E319-320C-D700-6937-FAB83AF52A93}.Release|Any CPU.Build.0 = Release|Any CPU
		{9F075FA3-464D-AFB7-5750-23ED973E9AEE}.Debug|Any CPU.ActiveCfg = Debug|Any CPU
		{9F075FA3-464D-AFB7-5750-23ED973E9AEE}.Debug|Any CPU.Build.0 = Debug|Any CPU
		{9F075FA3-464D-AFB7-5750-23ED973E9AEE}.Release|Any CPU.ActiveCfg = Release|Any CPU
		{9F075FA3-464D-AFB7-5750-23ED973E9AEE}.Release|Any CPU.Build.0 = Release|Any CPU
		{3170134F-E18A-08D4-7A0B-140A2A3F9649}.Debug|Any CPU.ActiveCfg = Debug|Any CPU
		{3170134F-E18A-08D4-7A0B-140A2A3F9649}.Debug|Any CPU.Build.0 = Debug|Any CPU
		{3170134F-E18A-08D4-7A0B-140A2A3F9649}.Release|Any CPU.ActiveCfg = Release|Any CPU
		{3170134F-E18A-08D4-7A0B-140A2A3F9649}.Release|Any CPU.Build.0 = Release|Any CPU
	EndGlobalSection
	GlobalSection(SolutionProperties) = preSolution
		HideSolutionNode = FALSE
	EndGlobalSection
	GlobalSection(NestedProjects) = preSolution
		{8110E319-320C-D700-6937-FAB83AF52A93} = {8A367DDA-5161-A942-4F09-60E4726C9306}
		{9F075FA3-464D-AFB7-5750-23ED973E9AEE} = {8A367DDA-5161-A942-4F09-60E4726C9306}
		{3170134F-E18A-08D4-7A0B-140A2A3F9649} = {8A367DDA-5161-A942-4F09-60E4726C9306}
	EndGlobalSection
	GlobalSection(ExtensibilityGlobals) = postSolution
		SolutionGuid = {050FAB61-D1BE-43DA-8713-A308D2BB31EF}
	EndGlobalSection
EndGlobal
